# This file is automatically @generated by Cargo.
# It is not intended for manual editing.
version = 3

[[package]]
name = "armv7"
version = "0.2.1"
source = "git+https://github.com/Foundation-Devices/armv7.git?branch=update#a9024032d2ea24676ff589691ce943cee82a0c87"
dependencies = [
 "tock-registers",
]

[[package]]
name = "atsama5d27"
version = "0.1.0"
dependencies = [
 "armv7",
 "rtt-target",
]

[[package]]
name = "rtt-target"
version = "0.3.1"
source = "git+https://github.com/Foundation-Devices/rtt-target.git?branch=cortex-a#f0921900cec21cb8a37aa3860f90e2be2ac9630d"
dependencies = [
 "ufmt-write",
]

[[package]]
name = "tock-registers"
version = "0.8.1"
source = "registry+https://github.com/rust-lang/crates.io-index"
checksum = "696941a0aee7e276a165a978b37918fd5d22c55c3d6bda197813070ca9c0f21c"

[[package]]
name = "ufmt-write"
version = "0.1.0"
source = "registry+https://github.com/rust-lang/crates.io-index"
checksum = "e87a2ed6b42ec5e28cc3b94c09982969e9227600b2e3dcbc1db927a84c06bd69"
